// !$*UTF8*$!
{
	archiveVersion = 1;
	classes = {
	};
	objectVersion = 51;
	objects = {

/* Begin PBXBuildFile section */
		0685ECA5007507C20D1719AC /* Pods_Weather.framework in Frameworks */ = {isa = PBXBuildFile; fileRef = 8DEEE24CB29FC74A0256FBC3 /* Pods_Weather.framework */; };
		8312A00D256894B300ABD989 /* Optional+Extension.swift in Sources */ = {isa = PBXBuildFile; fileRef = 8312A00C256894B300ABD989 /* Optional+Extension.swift */; };
		8312A0102568987C00ABD989 /* WeatherLoadingViewController.swift in Sources */ = {isa = PBXBuildFile; fileRef = 8312A00F2568987C00ABD989 /* WeatherLoadingViewController.swift */; };
		837E84DE2566B7F7006143E5 /* Constants.swift in Sources */ = {isa = PBXBuildFile; fileRef = 837E84DD2566B7F7006143E5 /* Constants.swift */; };
		837E84E22566BE15006143E5 /* NetworkError.swift in Sources */ = {isa = PBXBuildFile; fileRef = 837E84E12566BE15006143E5 /* NetworkError.swift */; };
		837E84E62566CDA0006143E5 /* Router.swift in Sources */ = {isa = PBXBuildFile; fileRef = 837E84E52566CDA0006143E5 /* Router.swift */; };
		837E84EC25671BC4006143E5 /* LocationService.swift in Sources */ = {isa = PBXBuildFile; fileRef = 837E84EB25671BC4006143E5 /* LocationService.swift */; };
		837E84F62567AED7006143E5 /* WeatherTableViewCell.swift in Sources */ = {isa = PBXBuildFile; fileRef = 837E84F52567AED7006143E5 /* WeatherTableViewCell.swift */; };
		837E84FC2567B399006143E5 /* NSObject+Extensions.swift in Sources */ = {isa = PBXBuildFile; fileRef = 837E84FB2567B399006143E5 /* NSObject+Extensions.swift */; };
		837E84FF2567B650006143E5 /* WeatherTableViewController.swift in Sources */ = {isa = PBXBuildFile; fileRef = 837E84FE2567B650006143E5 /* WeatherTableViewController.swift */; };
		837E85022567D433006143E5 /* DateFormatter+Extensions.swift in Sources */ = {isa = PBXBuildFile; fileRef = 837E85012567D433006143E5 /* DateFormatter+Extensions.swift */; };
		837E85052567D5E8006143E5 /* KeyedDecodingContainer+Extensions.swift in Sources */ = {isa = PBXBuildFile; fileRef = 837E85042567D5E8006143E5 /* KeyedDecodingContainer+Extensions.swift */; };
		837E85082567DDA0006143E5 /* MeasurementFormatter+Extensions.swift in Sources */ = {isa = PBXBuildFile; fileRef = 837E85072567DDA0006143E5 /* MeasurementFormatter+Extensions.swift */; };
		83889E0F2567E7D600AD3D97 /* UIImage+Extension.swift in Sources */ = {isa = PBXBuildFile; fileRef = 83889E0E2567E7D600AD3D97 /* UIImage+Extension.swift */; };
		83889EE02568560E00AD3D97 /* WeatherHeaderView.swift in Sources */ = {isa = PBXBuildFile; fileRef = 83889EDF2568560E00AD3D97 /* WeatherHeaderView.swift */; };
		83889EE42568622B00AD3D97 /* System.swift in Sources */ = {isa = PBXBuildFile; fileRef = 83889EE32568622B00AD3D97 /* System.swift */; };
		83889EE72568671400AD3D97 /* SettingsViewController.swift in Sources */ = {isa = PBXBuildFile; fileRef = 83889EE62568671400AD3D97 /* SettingsViewController.swift */; };
		83889EEA2568715800AD3D97 /* UserSettings.swift in Sources */ = {isa = PBXBuildFile; fileRef = 83889EE92568715800AD3D97 /* UserSettings.swift */; };
		83889EED256874E300AD3D97 /* Unit.swift in Sources */ = {isa = PBXBuildFile; fileRef = 83889EEC256874E300AD3D97 /* Unit.swift */; };
		83889EF0256874F300AD3D97 /* Language.swift in Sources */ = {isa = PBXBuildFile; fileRef = 83889EEF256874F300AD3D97 /* Language.swift */; };
		83889EF32568763500AD3D97 /* Notification.Name+Extensions.swift in Sources */ = {isa = PBXBuildFile; fileRef = 83889EF22568763500AD3D97 /* Notification.Name+Extensions.swift */; };
		83889EF62568818200AD3D97 /* LanguageTableViewController.swift in Sources */ = {isa = PBXBuildFile; fileRef = 83889EF52568818200AD3D97 /* LanguageTableViewController.swift */; };
		83B239852565CFAB002E204B /* Forecast.swift in Sources */ = {isa = PBXBuildFile; fileRef = 83B239842565CFAB002E204B /* Forecast.swift */; };
		83B23988256635ED002E204B /* Wind.swift in Sources */ = {isa = PBXBuildFile; fileRef = 83B23987256635ED002E204B /* Wind.swift */; };
		83B2398B25663671002E204B /* Weather.swift in Sources */ = {isa = PBXBuildFile; fileRef = 83B2398A25663671002E204B /* Weather.swift */; };
		83B2398E2566371B002E204B /* WeatherMainInfo.swift in Sources */ = {isa = PBXBuildFile; fileRef = 83B2398D2566371B002E204B /* WeatherMainInfo.swift */; };
		83B239912566377A002E204B /* Cloud.swift in Sources */ = {isa = PBXBuildFile; fileRef = 83B239902566377A002E204B /* Cloud.swift */; };
		83B2399525663851002E204B /* City.swift in Sources */ = {isa = PBXBuildFile; fileRef = 83B2399425663851002E204B /* City.swift */; };
		83B2399825663922002E204B /* GenericContainer.swift in Sources */ = {isa = PBXBuildFile; fileRef = 83B2399725663922002E204B /* GenericContainer.swift */; };
		83D91992256EE41600AC3C1F /* LocationServiceMock.swift in Sources */ = {isa = PBXBuildFile; fileRef = 83D91991256EE41600AC3C1F /* LocationServiceMock.swift */; };
		83FC400D2565C4F200CBBF14 /* AppDelegate.swift in Sources */ = {isa = PBXBuildFile; fileRef = 83FC400C2565C4F200CBBF14 /* AppDelegate.swift */; };
		83FC40112565C4F200CBBF14 /* WeatherViewController.swift in Sources */ = {isa = PBXBuildFile; fileRef = 83FC40102565C4F200CBBF14 /* WeatherViewController.swift */; };
		83FC40142565C4F200CBBF14 /* Main.storyboard in Resources */ = {isa = PBXBuildFile; fileRef = 83FC40122565C4F200CBBF14 /* Main.storyboard */; };
		83FC40162565C4F400CBBF14 /* Assets.xcassets in Resources */ = {isa = PBXBuildFile; fileRef = 83FC40152565C4F400CBBF14 /* Assets.xcassets */; };
		83FC40192565C4F400CBBF14 /* LaunchScreen.storyboard in Resources */ = {isa = PBXBuildFile; fileRef = 83FC40172565C4F400CBBF14 /* LaunchScreen.storyboard */; };
/* End PBXBuildFile section */

/* Begin PBXFileReference section */
		24406D9A58676494E6339219 /* Pods-Weather.release.xcconfig */ = {isa = PBXFileReference; includeInIndex = 1; lastKnownFileType = text.xcconfig; name = "Pods-Weather.release.xcconfig"; path = "Target Support Files/Pods-Weather/Pods-Weather.release.xcconfig"; sourceTree = "<group>"; };
		48A3123D15A959C76BD0EDBD /* Pods-Weather.debug.xcconfig */ = {isa = PBXFileReference; includeInIndex = 1; lastKnownFileType = text.xcconfig; name = "Pods-Weather.debug.xcconfig"; path = "Target Support Files/Pods-Weather/Pods-Weather.debug.xcconfig"; sourceTree = "<group>"; };
		8312A00C256894B300ABD989 /* Optional+Extension.swift */ = {isa = PBXFileReference; lastKnownFileType = sourcecode.swift; path = "Optional+Extension.swift"; sourceTree = "<group>"; };
		8312A00F2568987C00ABD989 /* WeatherLoadingViewController.swift */ = {isa = PBXFileReference; lastKnownFileType = sourcecode.swift; path = WeatherLoadingViewController.swift; sourceTree = "<group>"; };
		837E84DD2566B7F7006143E5 /* Constants.swift */ = {isa = PBXFileReference; lastKnownFileType = sourcecode.swift; path = Constants.swift; sourceTree = "<group>"; };
		837E84E12566BE15006143E5 /* NetworkError.swift */ = {isa = PBXFileReference; lastKnownFileType = sourcecode.swift; path = NetworkError.swift; sourceTree = "<group>"; };
		837E84E52566CDA0006143E5 /* Router.swift */ = {isa = PBXFileReference; lastKnownFileType = sourcecode.swift; path = Router.swift; sourceTree = "<group>"; };
		837E84EB25671BC4006143E5 /* LocationService.swift */ = {isa = PBXFileReference; lastKnownFileType = sourcecode.swift; path = LocationService.swift; sourceTree = "<group>"; };
		837E84F125672DDE006143E5 /* Weather.entitlements */ = {isa = PBXFileReference; lastKnownFileType = text.plist.entitlements; path = Weather.entitlements; sourceTree = "<group>"; };
		837E84F52567AED7006143E5 /* WeatherTableViewCell.swift */ = {isa = PBXFileReference; lastKnownFileType = sourcecode.swift; path = WeatherTableViewCell.swift; sourceTree = "<group>"; };
		837E84FB2567B399006143E5 /* NSObject+Extensions.swift */ = {isa = PBXFileReference; lastKnownFileType = sourcecode.swift; path = "NSObject+Extensions.swift"; sourceTree = "<group>"; };
		837E84FE2567B650006143E5 /* WeatherTableViewController.swift */ = {isa = PBXFileReference; lastKnownFileType = sourcecode.swift; path = WeatherTableViewController.swift; sourceTree = "<group>"; };
		837E85012567D433006143E5 /* DateFormatter+Extensions.swift */ = {isa = PBXFileReference; lastKnownFileType = sourcecode.swift; path = "DateFormatter+Extensions.swift"; sourceTree = "<group>"; };
		837E85042567D5E8006143E5 /* KeyedDecodingContainer+Extensions.swift */ = {isa = PBXFileReference; lastKnownFileType = sourcecode.swift; path = "KeyedDecodingContainer+Extensions.swift"; sourceTree = "<group>"; };
		837E85072567DDA0006143E5 /* MeasurementFormatter+Extensions.swift */ = {isa = PBXFileReference; lastKnownFileType = sourcecode.swift; path = "MeasurementFormatter+Extensions.swift"; sourceTree = "<group>"; };
		83889E0E2567E7D600AD3D97 /* UIImage+Extension.swift */ = {isa = PBXFileReference; lastKnownFileType = sourcecode.swift; path = "UIImage+Extension.swift"; sourceTree = "<group>"; };
		83889EDF2568560E00AD3D97 /* WeatherHeaderView.swift */ = {isa = PBXFileReference; lastKnownFileType = sourcecode.swift; path = WeatherHeaderView.swift; sourceTree = "<group>"; };
		83889EE32568622B00AD3D97 /* System.swift */ = {isa = PBXFileReference; lastKnownFileType = sourcecode.swift; path = System.swift; sourceTree = "<group>"; };
		83889EE62568671400AD3D97 /* SettingsViewController.swift */ = {isa = PBXFileReference; lastKnownFileType = sourcecode.swift; path = SettingsViewController.swift; sourceTree = "<group>"; };
		83889EE92568715800AD3D97 /* UserSettings.swift */ = {isa = PBXFileReference; lastKnownFileType = sourcecode.swift; path = UserSettings.swift; sourceTree = "<group>"; };
		83889EEC256874E300AD3D97 /* Unit.swift */ = {isa = PBXFileReference; lastKnownFileType = sourcecode.swift; path = Unit.swift; sourceTree = "<group>"; };
		83889EEF256874F300AD3D97 /* Language.swift */ = {isa = PBXFileReference; lastKnownFileType = sourcecode.swift; path = Language.swift; sourceTree = "<group>"; };
		83889EF22568763500AD3D97 /* Notification.Name+Extensions.swift */ = {isa = PBXFileReference; lastKnownFileType = sourcecode.swift; path = "Notification.Name+Extensions.swift"; sourceTree = "<group>"; };
		83889EF52568818200AD3D97 /* LanguageTableViewController.swift */ = {isa = PBXFileReference; lastKnownFileType = sourcecode.swift; path = LanguageTableViewController.swift; sourceTree = "<group>"; };
		83B239842565CFAB002E204B /* Forecast.swift */ = {isa = PBXFileReference; lastKnownFileType = sourcecode.swift; path = Forecast.swift; sourceTree = "<group>"; };
		83B23987256635ED002E204B /* Wind.swift */ = {isa = PBXFileReference; lastKnownFileType = sourcecode.swift; path = Wind.swift; sourceTree = "<group>"; };
		83B2398A25663671002E204B /* Weather.swift */ = {isa = PBXFileReference; lastKnownFileType = sourcecode.swift; path = Weather.swift; sourceTree = "<group>"; };
		83B2398D2566371B002E204B /* WeatherMainInfo.swift */ = {isa = PBXFileReference; lastKnownFileType = sourcecode.swift; path = WeatherMainInfo.swift; sourceTree = "<group>"; };
		83B239902566377A002E204B /* Cloud.swift */ = {isa = PBXFileReference; lastKnownFileType = sourcecode.swift; path = Cloud.swift; sourceTree = "<group>"; };
		83B2399425663851002E204B /* City.swift */ = {isa = PBXFileReference; lastKnownFileType = sourcecode.swift; path = City.swift; sourceTree = "<group>"; };
		83B2399725663922002E204B /* GenericContainer.swift */ = {isa = PBXFileReference; lastKnownFileType = sourcecode.swift; path = GenericContainer.swift; sourceTree = "<group>"; };
		83D91991256EE41600AC3C1F /* LocationServiceMock.swift */ = {isa = PBXFileReference; lastKnownFileType = sourcecode.swift; path = LocationServiceMock.swift; sourceTree = "<group>"; };
		83FC40092565C4F200CBBF14 /* Weather.app */ = {isa = PBXFileReference; explicitFileType = wrapper.application; includeInIndex = 0; path = Weather.app; sourceTree = BUILT_PRODUCTS_DIR; };
		83FC400C2565C4F200CBBF14 /* AppDelegate.swift */ = {isa = PBXFileReference; lastKnownFileType = sourcecode.swift; path = AppDelegate.swift; sourceTree = "<group>"; };
		83FC40102565C4F200CBBF14 /* WeatherViewController.swift */ = {isa = PBXFileReference; lastKnownFileType = sourcecode.swift; path = WeatherViewController.swift; sourceTree = "<group>"; };
		83FC40132565C4F200CBBF14 /* Base */ = {isa = PBXFileReference; lastKnownFileType = file.storyboard; name = Base; path = Base.lproj/Main.storyboard; sourceTree = "<group>"; };
		83FC40152565C4F400CBBF14 /* Assets.xcassets */ = {isa = PBXFileReference; lastKnownFileType = folder.assetcatalog; path = Assets.xcassets; sourceTree = "<group>"; };
		83FC40182565C4F400CBBF14 /* Base */ = {isa = PBXFileReference; lastKnownFileType = file.storyboard; name = Base; path = Base.lproj/LaunchScreen.storyboard; sourceTree = "<group>"; };
		83FC401A2565C4F400CBBF14 /* Info.plist */ = {isa = PBXFileReference; lastKnownFileType = text.plist.xml; path = Info.plist; sourceTree = "<group>"; };
		8DEEE24CB29FC74A0256FBC3 /* Pods_Weather.framework */ = {isa = PBXFileReference; explicitFileType = wrapper.framework; includeInIndex = 0; path = Pods_Weather.framework; sourceTree = BUILT_PRODUCTS_DIR; };
/* End PBXFileReference section */

/* Begin PBXFrameworksBuildPhase section */
		83FC40062565C4F200CBBF14 /* Frameworks */ = {
			isa = PBXFrameworksBuildPhase;
			buildActionMask = 2147483647;
			files = (
				0685ECA5007507C20D1719AC /* Pods_Weather.framework in Frameworks */,
			);
			runOnlyForDeploymentPostprocessing = 0;
		};
/* End PBXFrameworksBuildPhase section */

/* Begin PBXGroup section */
		59BCF8BAB615414DFC93DA92 /* Frameworks */ = {
			isa = PBXGroup;
			children = (
				8DEEE24CB29FC74A0256FBC3 /* Pods_Weather.framework */,
			);
			name = Frameworks;
			sourceTree = "<group>";
		};
		8322E7975C927F204D63226F /* Pods */ = {
			isa = PBXGroup;
			children = (
				48A3123D15A959C76BD0EDBD /* Pods-Weather.debug.xcconfig */,
				24406D9A58676494E6339219 /* Pods-Weather.release.xcconfig */,
			);
			path = Pods;
			sourceTree = "<group>";
		};
		837E84CD25663E3C006143E5 /* Networking */ = {
			isa = PBXGroup;
			children = (
				837E84E52566CDA0006143E5 /* Router.swift */,
			);
			path = Networking;
			sourceTree = "<group>";
		};
		837E84E02566BE05006143E5 /* Errors */ = {
			isa = PBXGroup;
			children = (
				837E84E12566BE15006143E5 /* NetworkError.swift */,
			);
			path = Errors;
			sourceTree = "<group>";
		};
		837E84EA2566FB3E006143E5 /* Services */ = {
			isa = PBXGroup;
			children = (
				837E84EB25671BC4006143E5 /* LocationService.swift */,
				83889EE92568715800AD3D97 /* UserSettings.swift */,
			);
			path = Services;
			sourceTree = "<group>";
		};
		837E84F42567AE7F006143E5 /* Cells */ = {
			isa = PBXGroup;
			children = (
				837E84F52567AED7006143E5 /* WeatherTableViewCell.swift */,
			);
			path = Cells;
			sourceTree = "<group>";
		};
		837E84FA2567B388006143E5 /* Extensions */ = {
			isa = PBXGroup;
			children = (
				837E84FB2567B399006143E5 /* NSObject+Extensions.swift */,
				837E85012567D433006143E5 /* DateFormatter+Extensions.swift */,
				837E85042567D5E8006143E5 /* KeyedDecodingContainer+Extensions.swift */,
				837E85072567DDA0006143E5 /* MeasurementFormatter+Extensions.swift */,
				83889E0E2567E7D600AD3D97 /* UIImage+Extension.swift */,
				83889EF22568763500AD3D97 /* Notification.Name+Extensions.swift */,
				8312A00C256894B300ABD989 /* Optional+Extension.swift */,
			);
			path = Extensions;
			sourceTree = "<group>";
		};
		83889EDE256855EA00AD3D97 /* Headers */ = {
			isa = PBXGroup;
			children = (
				83889EDF2568560E00AD3D97 /* WeatherHeaderView.swift */,
			);
			path = Headers;
			sourceTree = "<group>";
		};
		83D91990256EE40700AC3C1F /* Mocks */ = {
			isa = PBXGroup;
			children = (
				83D91991256EE41600AC3C1F /* LocationServiceMock.swift */,
			);
			path = Mocks;
			sourceTree = "<group>";
		};
		83FC40002565C4F200CBBF14 = {
			isa = PBXGroup;
			children = (
				83FC400B2565C4F200CBBF14 /* Weather */,
				83FC400A2565C4F200CBBF14 /* Products */,
				8322E7975C927F204D63226F /* Pods */,
				59BCF8BAB615414DFC93DA92 /* Frameworks */,
			);
			sourceTree = "<group>";
		};
		83FC400A2565C4F200CBBF14 /* Products */ = {
			isa = PBXGroup;
			children = (
				83FC40092565C4F200CBBF14 /* Weather.app */,
			);
			name = Products;
			sourceTree = "<group>";
		};
		83FC400B2565C4F200CBBF14 /* Weather */ = {
			isa = PBXGroup;
			children = (
				837E84F125672DDE006143E5 /* Weather.entitlements */,
				83FC404A2565C74E00CBBF14 /* Views */,
				83FC40492565C74100CBBF14 /* Models */,
				83FC40482565C72200CBBF14 /* Controllers */,
				83FC40472565C71000CBBF14 /* Application */,
			);
			path = Weather;
			sourceTree = "<group>";
		};
		83FC40472565C71000CBBF14 /* Application */ = {
			isa = PBXGroup;
			children = (
				83D91990256EE40700AC3C1F /* Mocks */,
				83FC404D2565C7BC00CBBF14 /* Core */,
				837E84EA2566FB3E006143E5 /* Services */,
				83FC404F2565C7CD00CBBF14 /* Settings */,
				83FC404E2565C7C800CBBF14 /* Resources */,
				837E84CD25663E3C006143E5 /* Networking */,
				83FC40502565C7E500CBBF14 /* Shared */,
			);
			path = Application;
			sourceTree = "<group>";
		};
		83FC40482565C72200CBBF14 /* Controllers */ = {
			isa = PBXGroup;
			children = (
				83FC404C2565C78C00CBBF14 /* ViewControllers */,
			);
			path = Controllers;
			sourceTree = "<group>";
		};
		83FC40492565C74100CBBF14 /* Models */ = {
			isa = PBXGroup;
			children = (
				83B239842565CFAB002E204B /* Forecast.swift */,
				83B23987256635ED002E204B /* Wind.swift */,
				83B2398A25663671002E204B /* Weather.swift */,
				83B2398D2566371B002E204B /* WeatherMainInfo.swift */,
				83B239902566377A002E204B /* Cloud.swift */,
				83B2399425663851002E204B /* City.swift */,
				83B2399725663922002E204B /* GenericContainer.swift */,
				83889EE32568622B00AD3D97 /* System.swift */,
				83889EEC256874E300AD3D97 /* Unit.swift */,
				83889EEF256874F300AD3D97 /* Language.swift */,
			);
			path = Models;
			sourceTree = "<group>";
		};
		83FC404A2565C74E00CBBF14 /* Views */ = {
			isa = PBXGroup;
			children = (
				83889EDE256855EA00AD3D97 /* Headers */,
				837E84F42567AE7F006143E5 /* Cells */,
				83FC404B2565C76400CBBF14 /* Storyboards */,
			);
			path = Views;
			sourceTree = "<group>";
		};
		83FC404B2565C76400CBBF14 /* Storyboards */ = {
			isa = PBXGroup;
			children = (
				83FC40122565C4F200CBBF14 /* Main.storyboard */,
				83FC40172565C4F400CBBF14 /* LaunchScreen.storyboard */,
			);
			path = Storyboards;
			sourceTree = "<group>";
		};
		83FC404C2565C78C00CBBF14 /* ViewControllers */ = {
			isa = PBXGroup;
			children = (
				83FC40102565C4F200CBBF14 /* WeatherViewController.swift */,
				837E84FE2567B650006143E5 /* WeatherTableViewController.swift */,
				83889EE62568671400AD3D97 /* SettingsViewController.swift */,
				83889EF52568818200AD3D97 /* LanguageTableViewController.swift */,
				8312A00F2568987C00ABD989 /* WeatherLoadingViewController.swift */,
			);
			path = ViewControllers;
			sourceTree = "<group>";
		};
		83FC404D2565C7BC00CBBF14 /* Core */ = {
			isa = PBXGroup;
			children = (
				837E84FA2567B388006143E5 /* Extensions */,
				837E84E02566BE05006143E5 /* Errors */,
			);
			path = Core;
			sourceTree = "<group>";
		};
		83FC404E2565C7C800CBBF14 /* Resources */ = {
			isa = PBXGroup;
			children = (
				83FC40512565C81C00CBBF14 /* Assets */,
			);
			path = Resources;
			sourceTree = "<group>";
		};
		83FC404F2565C7CD00CBBF14 /* Settings */ = {
			isa = PBXGroup;
			children = (
				83FC401A2565C4F400CBBF14 /* Info.plist */,
			);
			path = Settings;
			sourceTree = "<group>";
		};
		83FC40502565C7E500CBBF14 /* Shared */ = {
			isa = PBXGroup;
			children = (
				83FC400C2565C4F200CBBF14 /* AppDelegate.swift */,
				837E84DD2566B7F7006143E5 /* Constants.swift */,
			);
			path = Shared;
			sourceTree = "<group>";
		};
		83FC40512565C81C00CBBF14 /* Assets */ = {
			isa = PBXGroup;
			children = (
				83FC40152565C4F400CBBF14 /* Assets.xcassets */,
			);
			path = Assets;
			sourceTree = "<group>";
		};
/* End PBXGroup section */

/* Begin PBXNativeTarget section */
		83FC40082565C4F200CBBF14 /* Weather */ = {
			isa = PBXNativeTarget;
			buildConfigurationList = 83FC401D2565C4F400CBBF14 /* Build configuration list for PBXNativeTarget "Weather" */;
			buildPhases = (
				333F37D029F08B1EDDCA406A /* [CP] Check Pods Manifest.lock */,
				83FC40052565C4F200CBBF14 /* Sources */,
				83FC40062565C4F200CBBF14 /* Frameworks */,
				83FC40072565C4F200CBBF14 /* Resources */,
				05D52452240DB3DC8EF67047 /* [CP] Embed Pods Frameworks */,
			);
			buildRules = (
			);
			dependencies = (
			);
			name = Weather;
			productName = Weather;
			productReference = 83FC40092565C4F200CBBF14 /* Weather.app */;
			productType = "com.apple.product-type.application";
		};
/* End PBXNativeTarget section */

/* Begin PBXProject section */
		83FC40012565C4F200CBBF14 /* Project object */ = {
			isa = PBXProject;
			attributes = {
				LastSwiftUpdateCheck = 1220;
				LastUpgradeCheck = 1220;
				TargetAttributes = {
					83FC40082565C4F200CBBF14 = {
						CreatedOnToolsVersion = 12.2;
					};
				};
			};
			buildConfigurationList = 83FC40042565C4F200CBBF14 /* Build configuration list for PBXProject "Weather" */;
			compatibilityVersion = "Xcode 9.3";
			developmentRegion = en;
			hasScannedForEncodings = 0;
			knownRegions = (
				en,
				Base,
			);
			mainGroup = 83FC40002565C4F200CBBF14;
			productRefGroup = 83FC400A2565C4F200CBBF14 /* Products */;
			projectDirPath = "";
			projectRoot = "";
			targets = (
				83FC40082565C4F200CBBF14 /* Weather */,
			);
		};
/* End PBXProject section */

/* Begin PBXResourcesBuildPhase section */
		83FC40072565C4F200CBBF14 /* Resources */ = {
			isa = PBXResourcesBuildPhase;
			buildActionMask = 2147483647;
			files = (
				83FC40192565C4F400CBBF14 /* LaunchScreen.storyboard in Resources */,
				83FC40162565C4F400CBBF14 /* Assets.xcassets in Resources */,
				83FC40142565C4F200CBBF14 /* Main.storyboard in Resources */,
			);
			runOnlyForDeploymentPostprocessing = 0;
		};
/* End PBXResourcesBuildPhase section */

/* Begin PBXShellScriptBuildPhase section */
		05D52452240DB3DC8EF67047 /* [CP] Embed Pods Frameworks */ = {
			isa = PBXShellScriptBuildPhase;
			buildActionMask = 2147483647;
			files = (
			);
			inputFileListPaths = (
				"${PODS_ROOT}/Target Support Files/Pods-Weather/Pods-Weather-frameworks-${CONFIGURATION}-input-files.xcfilelist",
			);
			name = "[CP] Embed Pods Frameworks";
			outputFileListPaths = (
				"${PODS_ROOT}/Target Support Files/Pods-Weather/Pods-Weather-frameworks-${CONFIGURATION}-output-files.xcfilelist",
			);
			runOnlyForDeploymentPostprocessing = 0;
			shellPath = /bin/sh;
			shellScript = "\"${PODS_ROOT}/Target Support Files/Pods-Weather/Pods-Weather-frameworks.sh\"\n";
			showEnvVarsInLog = 0;
		};
		333F37D029F08B1EDDCA406A /* [CP] Check Pods Manifest.lock */ = {
			isa = PBXShellScriptBuildPhase;
			buildActionMask = 2147483647;
			files = (
			);
			inputFileListPaths = (
			);
			inputPaths = (
				"${PODS_PODFILE_DIR_PATH}/Podfile.lock",
				"${PODS_ROOT}/Manifest.lock",
			);
			name = "[CP] Check Pods Manifest.lock";
			outputFileListPaths = (
			);
			outputPaths = (
				"$(DERIVED_FILE_DIR)/Pods-Weather-checkManifestLockResult.txt",
			);
			runOnlyForDeploymentPostprocessing = 0;
			shellPath = /bin/sh;
			shellScript = "diff \"${PODS_PODFILE_DIR_PATH}/Podfile.lock\" \"${PODS_ROOT}/Manifest.lock\" > /dev/null\nif [ $? != 0 ] ; then\n    # print error to STDERR\n    echo \"error: The sandbox is not in sync with the Podfile.lock. Run 'pod install' or update your CocoaPods installation.\" >&2\n    exit 1\nfi\n# This output is used by Xcode 'outputs' to avoid re-running this script phase.\necho \"SUCCESS\" > \"${SCRIPT_OUTPUT_FILE_0}\"\n";
			showEnvVarsInLog = 0;
		};
/* End PBXShellScriptBuildPhase section */

/* Begin PBXSourcesBuildPhase section */
		83FC40052565C4F200CBBF14 /* Sources */ = {
			isa = PBXSourcesBuildPhase;
			buildActionMask = 2147483647;
			files = (
				837E84FC2567B399006143E5 /* NSObject+Extensions.swift in Sources */,
				83FC40112565C4F200CBBF14 /* WeatherViewController.swift in Sources */,
				83B239852565CFAB002E204B /* Forecast.swift in Sources */,
				837E84F62567AED7006143E5 /* WeatherTableViewCell.swift in Sources */,
				837E84FF2567B650006143E5 /* WeatherTableViewController.swift in Sources */,
				83FC400D2565C4F200CBBF14 /* AppDelegate.swift in Sources */,
				83889EF32568763500AD3D97 /* Notification.Name+Extensions.swift in Sources */,
				83B2398E2566371B002E204B /* WeatherMainInfo.swift in Sources */,
				8312A0102568987C00ABD989 /* WeatherLoadingViewController.swift in Sources */,
				83889E0F2567E7D600AD3D97 /* UIImage+Extension.swift in Sources */,
				83B2399825663922002E204B /* GenericContainer.swift in Sources */,
				83B239912566377A002E204B /* Cloud.swift in Sources */,
				83D91992256EE41600AC3C1F /* LocationServiceMock.swift in Sources */,
				83889EE42568622B00AD3D97 /* System.swift in Sources */,
				83B23988256635ED002E204B /* Wind.swift in Sources */,
				837E85082567DDA0006143E5 /* MeasurementFormatter+Extensions.swift in Sources */,
				83889EEA2568715800AD3D97 /* UserSettings.swift in Sources */,
				8312A00D256894B300ABD989 /* Optional+Extension.swift in Sources */,
				83B2399525663851002E204B /* City.swift in Sources */,
				83889EED256874E300AD3D97 /* Unit.swift in Sources */,
				837E84E62566CDA0006143E5 /* Router.swift in Sources */,
				83889EE72568671400AD3D97 /* SettingsViewController.swift in Sources */,
				837E84EC25671BC4006143E5 /* LocationService.swift in Sources */,
				837E84E22566BE15006143E5 /* NetworkError.swift in Sources */,
				83889EF62568818200AD3D97 /* LanguageTableViewController.swift in Sources */,
				83889EE02568560E00AD3D97 /* WeatherHeaderView.swift in Sources */,
				83889EF0256874F300AD3D97 /* Language.swift in Sources */,
				83B2398B25663671002E204B /* Weather.swift in Sources */,
				837E85052567D5E8006143E5 /* KeyedDecodingContainer+Extensions.swift in Sources */,
				837E84DE2566B7F7006143E5 /* Constants.swift in Sources */,
				837E85022567D433006143E5 /* DateFormatter+Extensions.swift in Sources */,
			);
			runOnlyForDeploymentPostprocessing = 0;
		};
/* End PBXSourcesBuildPhase section */

/* Begin PBXVariantGroup section */
		83FC40122565C4F200CBBF14 /* Main.storyboard */ = {
			isa = PBXVariantGroup;
			children = (
				83FC40132565C4F200CBBF14 /* Base */,
			);
			name = Main.storyboard;
			sourceTree = "<group>";
		};
		83FC40172565C4F400CBBF14 /* LaunchScreen.storyboard */ = {
			isa = PBXVariantGroup;
			children = (
				83FC40182565C4F400CBBF14 /* Base */,
			);
			name = LaunchScreen.storyboard;
			sourceTree = "<group>";
		};
/* End PBXVariantGroup section */

/* Begin XCBuildConfiguration section */
		83FC401B2565C4F400CBBF14 /* Debug */ = {
			isa = XCBuildConfiguration;
			buildSettings = {
				ALWAYS_SEARCH_USER_PATHS = NO;
				CLANG_ANALYZER_NONNULL = YES;
				CLANG_ANALYZER_NUMBER_OBJECT_CONVERSION = YES_AGGRESSIVE;
				CLANG_CXX_LANGUAGE_STANDARD = "gnu++14";
				CLANG_CXX_LIBRARY = "libc++";
				CLANG_ENABLE_MODULES = YES;
				CLANG_ENABLE_OBJC_ARC = YES;
				CLANG_ENABLE_OBJC_WEAK = YES;
				CLANG_WARN_BLOCK_CAPTURE_AUTORELEASING = YES;
				CLANG_WARN_BOOL_CONVERSION = YES;
				CLANG_WARN_COMMA = YES;
				CLANG_WARN_CONSTANT_CONVERSION = YES;
				CLANG_WARN_DEPRECATED_OBJC_IMPLEMENTATIONS = YES;
				CLANG_WARN_DIRECT_OBJC_ISA_USAGE = YES_ERROR;
				CLANG_WARN_DOCUMENTATION_COMMENTS = YES;
				CLANG_WARN_EMPTY_BODY = YES;
				CLANG_WARN_ENUM_CONVERSION = YES;
				CLANG_WARN_INFINITE_RECURSION = YES;
				CLANG_WARN_INT_CONVERSION = YES;
				CLANG_WARN_NON_LITERAL_NULL_CONVERSION = YES;
				CLANG_WARN_OBJC_IMPLICIT_RETAIN_SELF = YES;
				CLANG_WARN_OBJC_LITERAL_CONVERSION = YES;
				CLANG_WARN_OBJC_ROOT_CLASS = YES_ERROR;
				CLANG_WARN_QUOTED_INCLUDE_IN_FRAMEWORK_HEADER = YES;
				CLANG_WARN_RANGE_LOOP_ANALYSIS = YES;
				CLANG_WARN_STRICT_PROTOTYPES = YES;
				CLANG_WARN_SUSPICIOUS_MOVE = YES;
				CLANG_WARN_UNGUARDED_AVAILABILITY = YES_AGGRESSIVE;
				CLANG_WARN_UNREACHABLE_CODE = YES;
				CLANG_WARN__DUPLICATE_METHOD_MATCH = YES;
				COPY_PHASE_STRIP = NO;
				DEBUG_INFORMATION_FORMAT = dwarf;
				ENABLE_STRICT_OBJC_MSGSEND = YES;
				ENABLE_TESTABILITY = YES;
				GCC_C_LANGUAGE_STANDARD = gnu11;
				GCC_DYNAMIC_NO_PIC = NO;
				GCC_NO_COMMON_BLOCKS = YES;
				GCC_OPTIMIZATION_LEVEL = 0;
				GCC_PREPROCESSOR_DEFINITIONS = (
					"DEBUG=1",
					"$(inherited)",
				);
				GCC_WARN_64_TO_32_BIT_CONVERSION = YES;
				GCC_WARN_ABOUT_RETURN_TYPE = YES_ERROR;
				GCC_WARN_UNDECLARED_SELECTOR = YES;
				GCC_WARN_UNINITIALIZED_AUTOS = YES_AGGRESSIVE;
				GCC_WARN_UNUSED_FUNCTION = YES;
				GCC_WARN_UNUSED_VARIABLE = YES;
				IPHONEOS_DEPLOYMENT_TARGET = 14.2;
				MTL_ENABLE_DEBUG_INFO = INCLUDE_SOURCE;
				MTL_FAST_MATH = YES;
				ONLY_ACTIVE_ARCH = YES;
				SDKROOT = iphoneos;
				SWIFT_ACTIVE_COMPILATION_CONDITIONS = DEBUG;
				SWIFT_OPTIMIZATION_LEVEL = "-Onone";
			};
			name = Debug;
		};
		83FC401C2565C4F400CBBF14 /* Release */ = {
			isa = XCBuildConfiguration;
			buildSettings = {
				ALWAYS_SEARCH_USER_PATHS = NO;
				CLANG_ANALYZER_NONNULL = YES;
				CLANG_ANALYZER_NUMBER_OBJECT_CONVERSION = YES_AGGRESSIVE;
				CLANG_CXX_LANGUAGE_STANDARD = "gnu++14";
				CLANG_CXX_LIBRARY = "libc++";
				CLANG_ENABLE_MODULES = YES;
				CLANG_ENABLE_OBJC_ARC = YES;
				CLANG_ENABLE_OBJC_WEAK = YES;
				CLANG_WARN_BLOCK_CAPTURE_AUTORELEASING = YES;
				CLANG_WARN_BOOL_CONVERSION = YES;
				CLANG_WARN_COMMA = YES;
				CLANG_WARN_CONSTANT_CONVERSION = YES;
				CLANG_WARN_DEPRECATED_OBJC_IMPLEMENTATIONS = YES;
				CLANG_WARN_DIRECT_OBJC_ISA_USAGE = YES_ERROR;
				CLANG_WARN_DOCUMENTATION_COMMENTS = YES;
				CLANG_WARN_EMPTY_BODY = YES;
				CLANG_WARN_ENUM_CONVERSION = YES;
				CLANG_WARN_INFINITE_RECURSION = YES;
				CLANG_WARN_INT_CONVERSION = YES;
				CLANG_WARN_NON_LITERAL_NULL_CONVERSION = YES;
				CLANG_WARN_OBJC_IMPLICIT_RETAIN_SELF = YES;
				CLANG_WARN_OBJC_LITERAL_CONVERSION = YES;
				CLANG_WARN_OBJC_ROOT_CLASS = YES_ERROR;
				CLANG_WARN_QUOTED_INCLUDE_IN_FRAMEWORK_HEADER = YES;
				CLANG_WARN_RANGE_LOOP_ANALYSIS = YES;
				CLANG_WARN_STRICT_PROTOTYPES = YES;
				CLANG_WARN_SUSPICIOUS_MOVE = YES;
				CLANG_WARN_UNGUARDED_AVAILABILITY = YES_AGGRESSIVE;
				CLANG_WARN_UNREACHABLE_CODE = YES;
				CLANG_WARN__DUPLICATE_METHOD_MATCH = YES;
				COPY_PHASE_STRIP = NO;
				DEBUG_INFORMATION_FORMAT = "dwarf-with-dsym";
				ENABLE_NS_ASSERTIONS = NO;
				ENABLE_STRICT_OBJC_MSGSEND = YES;
				GCC_C_LANGUAGE_STANDARD = gnu11;
				GCC_NO_COMMON_BLOCKS = YES;
				GCC_WARN_64_TO_32_BIT_CONVERSION = YES;
				GCC_WARN_ABOUT_RETURN_TYPE = YES_ERROR;
				GCC_WARN_UNDECLARED_SELECTOR = YES;
				GCC_WARN_UNINITIALIZED_AUTOS = YES_AGGRESSIVE;
				GCC_WARN_UNUSED_FUNCTION = YES;
				GCC_WARN_UNUSED_VARIABLE = YES;
				IPHONEOS_DEPLOYMENT_TARGET = 14.2;
				MTL_ENABLE_DEBUG_INFO = NO;
				MTL_FAST_MATH = YES;
				SDKROOT = iphoneos;
				SWIFT_COMPILATION_MODE = wholemodule;
				SWIFT_OPTIMIZATION_LEVEL = "-O";
				VALIDATE_PRODUCT = YES;
			};
			name = Release;
		};
		83FC401E2565C4F400CBBF14 /* Debug */ = {
			isa = XCBuildConfiguration;
			baseConfigurationReference = 48A3123D15A959C76BD0EDBD /* Pods-Weather.debug.xcconfig */;
			buildSettings = {
				ASSETCATALOG_COMPILER_APPICON_NAME = AppIcon;
				ASSETCATALOG_COMPILER_GLOBAL_ACCENT_COLOR_NAME = AccentColor;
				CODE_SIGN_ENTITLEMENTS = Weather/Weather.entitlements;
				CODE_SIGN_STYLE = Automatic;
				DEVELOPMENT_TEAM = 24EK95JY3D;
				INFOPLIST_FILE = "$(SRCROOT)/Weather/Application/Settings/Info.plist";
				IPHONEOS_DEPLOYMENT_TARGET = 11.0;
				LD_RUNPATH_SEARCH_PATHS = (
					"$(inherited)",
					"@executable_path/Frameworks",
				);
				PRODUCT_BUNDLE_IDENTIFIER = vahagngevorgyan.Weather;
				PRODUCT_NAME = "$(TARGET_NAME)";
				SWIFT_VERSION = 5.0;
				TARGETED_DEVICE_FAMILY = "1,2";
			};
			name = Debug;
		};
		83FC401F2565C4F400CBBF14 /* Release */ = {
			isa = XCBuildConfiguration;
			baseConfigurationReference = 24406D9A58676494E6339219 /* Pods-Weather.release.xcconfig */;
			buildSettings = {
				ASSETCATALOG_COMPILER_APPICON_NAME = AppIcon;
				ASSETCATALOG_COMPILER_GLOBAL_ACCENT_COLOR_NAME = AccentColor;
				CODE_SIGN_ENTITLEMENTS = Weather/Weather.entitlements;
				CODE_SIGN_STYLE = Automatic;
				DEVELOPMENT_TEAM = 24EK95JY3D;
				INFOPLIST_FILE = "$(SRCROOT)/Weather/Application/Settings/Info.plist";
				IPHONEOS_DEPLOYMENT_TARGET = 11.0;
				LD_RUNPATH_SEARCH_PATHS = (
					"$(inherited)",
					"@executable_path/Frameworks",
				);
				PRODUCT_BUNDLE_IDENTIFIER = vahagngevorgyan.Weather;
				PRODUCT_NAME = "$(TARGET_NAME)";
				SWIFT_VERSION = 5.0;
				TARGETED_DEVICE_FAMILY = "1,2";
			};
			name = Release;
		};
/* End XCBuildConfiguration section */

/* Begin XCConfigurationList section */
		83FC40042565C4F200CBBF14 /* Build configuration list for PBXProject "Weather" */ = {
			isa = XCConfigurationList;
			buildConfigurations = (
				83FC401B2565C4F400CBBF14 /* Debug */,
				83FC401C2565C4F400CBBF14 /* Release */,
			);
			defaultConfigurationIsVisible = 0;
			defaultConfigurationName = Release;
		};
		83FC401D2565C4F400CBBF14 /* Build configuration list for PBXNativeTarget "Weather" */ = {
			isa = XCConfigurationList;
			buildConfigurations = (
				83FC401E2565C4F400CBBF14 /* Debug */,
				83FC401F2565C4F400CBBF14 /* Release */,
			);
			defaultConfigurationIsVisible = 0;
			defaultConfigurationName = Release;
		};
/* End XCConfigurationList section */
	};
	rootObject = 83FC40012565C4F200CBBF14 /* Project object */;
}
